github.com/carleesmarty/CalcLib v0.1.0 h1:STk20243wB1KRxBZr8toFFG3X3jh9mMrN621k8a29ck=
github.com/carleesmarty/CalcLib v0.1.0/go.mod h1:b+E9lh9ujKkCjvPimNREms87i8S8zu3SP933IOGcPSw=
github.com/carleesmarty/CalcLib v0.1.1 h1:maqLh5ZGND0bc000SUihFhaz7KCVPx+OPR8baX2oeuI=
github.com/carleesmarty/CalcLib v0.1.1/go.mod h1:b+E9lh9ujKkCjvPimNREms87i8S8zu3SP933IOGcPSw=
